
Microsoft Visual Studio Solution File, Format Version 12.00
# Visual Studio 15
VisualStudioVersion = 15.0.28307.168
MinimumVisualStudioVersion = 10.0.40219.1
Project("{FAE04EC0-301F-11D3-BF4B-00C04F79EFBC}") = "RegisterDocsForm.Android", "RegisterDocsForm\RegisterDocsForm.Android\RegisterDocsForm.Android.csproj", "{BD9EABF9-C587-4E13-8307-C547E03B31A6}"
EndProject
Project("{FAE04EC0-301F-11D3-BF4B-00C04F79EFBC}") = "RegisterDocsForm.iOS", "RegisterDocsForm\RegisterDocsForm.iOS\RegisterDocsForm.iOS.csproj", "{50704FDF-2DC7-4A1C-862D-FB6476B883A3}"
EndProject
Project("{FAE04EC0-301F-11D3-BF4B-00C04F79EFBC}") = "RegisterDocsForm", "RegisterDocsForm\RegisterDocsForm\RegisterDocsForm.csproj", "{7BF19228-8BF8-449E-9351-1928947A1163}"
EndProject
Global
	GlobalSection(SolutionConfigurationPlatforms) = preSolution
		Ad-Hoc|Any CPU = Ad-Hoc|Any CPU
		Ad-Hoc|iPhone = Ad-Hoc|iPhone
		Ad-Hoc|iPhoneSimulator = Ad-Hoc|iPhoneSimulator
		AppStore|Any CPU = AppStore|Any CPU
		AppStore|iPhone = AppStore|iPhone
		AppStore|iPhoneSimulator = AppStore|iPhoneSimulator
		Debug|Any CPU = Debug|Any CPU
		Debug|iPhone = Debug|iPhone
		Debug|iPhoneSimulator = Debug|iPhoneSimulator
		Release|Any CPU = Release|Any CPU
		Release|iPhone = Release|iPhone
		Release|iPhoneSimulator = Release|iPhoneSimulator
	EndGlobalSection
	GlobalSection(ProjectConfigurationPlatforms) = postSolution
		{BD9EABF9-C587-4E13-8307-C547E03B31A6}.Ad-Hoc|Any CPU.ActiveCfg = Release|Any CPU
		{BD9EABF9-C587-4E13-8307-C547E03B31A6}.Ad-Hoc|Any CPU.Build.0 = Release|Any CPU
		{BD9EABF9-C587-4E13-8307-C547E03B31A6}.Ad-Hoc|Any CPU.Deploy.0 = Release|Any CPU
		{BD9EABF9-C587-4E13-8307-C547E03B31A6}.Ad-Hoc|iPhone.ActiveCfg = Release|Any CPU
		{BD9EABF9-C587-4E13-8307-C547E03B31A6}.Ad-Hoc|iPhone.Build.0 = Release|Any CPU
		{BD9EABF9-C587-4E13-8307-C547E03B31A6}.Ad-Hoc|iPhone.Deploy.0 = Release|Any CPU
		{BD9EABF9-C587-4E13-8307-C547E03B31A6}.Ad-Hoc|iPhoneSimulator.ActiveCfg = Release|Any CPU
		{BD9EABF9-C587-4E13-8307-C547E03B31A6}.Ad-Hoc|iPhoneSimulator.Build.0 = Release|Any CPU
		{BD9EABF9-C587-4E13-8307-C547E03B31A6}.Ad-Hoc|iPhoneSimulator.Deploy.0 = Release|Any CPU
		{BD9EABF9-C587-4E13-8307-C547E03B31A6}.AppStore|Any CPU.ActiveCfg = Release|Any CPU
		{BD9EABF9-C587-4E13-8307-C547E03B31A6}.AppStore|Any CPU.Build.0 = Release|Any CPU
		{BD9EABF9-C587-4E13-8307-C547E03B31A6}.AppStore|Any CPU.Deploy.0 = Release|Any CPU
		{BD9EABF9-C587-4E13-8307-C547E03B31A6}.AppStore|iPhone.ActiveCfg = Release|Any CPU
		{BD9EABF9-C587-4E13-8307-C547E03B31A6}.AppStore|iPhone.Build.0 = Release|Any CPU
		{BD9EABF9-C587-4E13-8307-C547E03B31A6}.AppStore|iPhone.Deploy.0 = Release|Any CPU
		{BD9EABF9-C587-4E13-8307-C547E03B31A6}.AppStore|iPhoneSimulator.ActiveCfg = Release|Any CPU
		{BD9EABF9-C587-4E13-8307-C547E03B31A6}.AppStore|iPhoneSimulator.Build.0 = Release|Any CPU
		{BD9EABF9-C587-4E13-8307-C547E03B31A6}.AppStore|iPhoneSimulator.Deploy.0 = Release|Any CPU
		{BD9EABF9-C587-4E13-8307-C547E03B31A6}.Debug|Any CPU.ActiveCfg = Debug|Any CPU
		{BD9EABF9-C587-4E13-8307-C547E03B31A6}.Debug|Any CPU.Build.0 = Debug|Any CPU
		{BD9EABF9-C587-4E13-8307-C547E03B31A6}.Debug|Any CPU.Deploy.0 = Debug|Any CPU
		{BD9EABF9-C587-4E13-8307-C547E03B31A6}.Debug|iPhone.ActiveCfg = Debug|Any CPU
		{BD9EABF9-C587-4E13-8307-C547E03B31A6}.Debug|iPhone.Build.0 = Debug|Any CPU
		{BD9EABF9-C587-4E13-8307-C547E03B31A6}.Debug|iPhone.Deploy.0 = Debug|Any CPU
		{BD9EABF9-C587-4E13-8307-C547E03B31A6}.Debug|iPhoneSimulator.ActiveCfg = Debug|Any CPU
		{BD9EABF9-C587-4E13-8307-C547E03B31A6}.Debug|iPhoneSimulator.Build.0 = Debug|Any CPU
		{BD9EABF9-C587-4E13-8307-C547E03B31A6}.Debug|iPhoneSimulator.Deploy.0 = Debug|Any CPU
		{BD9EABF9-C587-4E13-8307-C547E03B31A6}.Release|Any CPU.ActiveCfg = Release|Any CPU
		{BD9EABF9-C587-4E13-8307-C547E03B31A6}.Release|Any CPU.Build.0 = Release|Any CPU
		{BD9EABF9-C587-4E13-8307-C547E03B31A6}.Release|Any CPU.Deploy.0 = Release|Any CPU
		{BD9EABF9-C587-4E13-8307-C547E03B31A6}.Release|iPhone.ActiveCfg = Release|Any CPU
		{BD9EABF9-C587-4E13-8307-C547E03B31A6}.Release|iPhone.Build.0 = Release|Any CPU
		{BD9EABF9-C587-4E13-8307-C547E03B31A6}.Release|iPhone.Deploy.0 = Release|Any CPU
		{BD9EABF9-C587-4E13-8307-C547E03B31A6}.Release|iPhoneSimulator.ActiveCfg = Release|Any CPU
		{BD9EABF9-C587-4E13-8307-C547E03B31A6}.Release|iPhoneSimulator.Build.0 = Release|Any CPU
		{BD9EABF9-C587-4E13-8307-C547E03B31A6}.Release|iPhoneSimulator.Deploy.0 = Release|Any CPU
		{50704FDF-2DC7-4A1C-862D-FB6476B883A3}.Ad-Hoc|Any CPU.ActiveCfg = Ad-Hoc|iPhone
		{50704FDF-2DC7-4A1C-862D-FB6476B883A3}.Ad-Hoc|Any CPU.Build.0 = Ad-Hoc|iPhone
		{50704FDF-2DC7-4A1C-862D-FB6476B883A3}.Ad-Hoc|Any CPU.Deploy.0 = Ad-Hoc|iPhone
		{50704FDF-2DC7-4A1C-862D-FB6476B883A3}.Ad-Hoc|iPhone.ActiveCfg = Ad-Hoc|iPhone
		{50704FDF-2DC7-4A1C-862D-FB6476B883A3}.Ad-Hoc|iPhone.Build.0 = Ad-Hoc|iPhone
		{50704FDF-2DC7-4A1C-862D-FB6476B883A3}.Ad-Hoc|iPhone.Deploy.0 = Ad-Hoc|iPhone
		{50704FDF-2DC7-4A1C-862D-FB6476B883A3}.Ad-Hoc|iPhoneSimulator.ActiveCfg = Ad-Hoc|iPhoneSimulator
		{50704FDF-2DC7-4A1C-862D-FB6476B883A3}.Ad-Hoc|iPhoneSimulator.Build.0 = Ad-Hoc|iPhoneSimulator
		{50704FDF-2DC7-4A1C-862D-FB6476B883A3}.Ad-Hoc|iPhoneSimulator.Deploy.0 = Ad-Hoc|iPhoneSimulator
		{50704FDF-2DC7-4A1C-862D-FB6476B883A3}.AppStore|Any CPU.ActiveCfg = AppStore|iPhone
		{50704FDF-2DC7-4A1C-862D-FB6476B883A3}.AppStore|Any CPU.Build.0 = AppStore|iPhone
		{50704FDF-2DC7-4A1C-862D-FB6476B883A3}.AppStore|Any CPU.Deploy.0 = AppStore|iPhone
		{50704FDF-2DC7-4A1C-862D-FB6476B883A3}.AppStore|iPhone.ActiveCfg = AppStore|iPhone
		{50704FDF-2DC7-4A1C-862D-FB6476B883A3}.AppStore|iPhone.Build.0 = AppStore|iPhone
		{50704FDF-2DC7-4A1C-862D-FB6476B883A3}.AppStore|iPhone.Deploy.0 = AppStore|iPhone
		{50704FDF-2DC7-4A1C-862D-FB6476B883A3}.AppStore|iPhoneSimulator.ActiveCfg = AppStore|iPhoneSimulator
		{50704FDF-2DC7-4A1C-862D-FB6476B883A3}.AppStore|iPhoneSimulator.Build.0 = AppStore|iPhoneSimulator
		{50704FDF-2DC7-4A1C-862D-FB6476B883A3}.AppStore|iPhoneSimulator.Deploy.0 = AppStore|iPhoneSimulator
		{50704FDF-2DC7-4A1C-862D-FB6476B883A3}.Debug|Any CPU.ActiveCfg = Debug|iPhoneSimulator
		{50704FDF-2DC7-4A1C-862D-FB6476B883A3}.Debug|Any CPU.Build.0 = Debug|iPhoneSimulator
		{50704FDF-2DC7-4A1C-862D-FB6476B883A3}.Debug|Any CPU.Deploy.0 = Debug|iPhoneSimulator
		{50704FDF-2DC7-4A1C-862D-FB6476B883A3}.Debug|iPhone.ActiveCfg = Debug|iPhone
		{50704FDF-2DC7-4A1C-862D-FB6476B883A3}.Debug|iPhone.Build.0 = Debug|iPhone
		{50704FDF-2DC7-4A1C-862D-FB6476B883A3}.Debug|iPhone.Deploy.0 = Debug|iPhone
		{50704FDF-2DC7-4A1C-862D-FB6476B883A3}.Debug|iPhoneSimulator.ActiveCfg = Debug|iPhoneSimulator
		{50704FDF-2DC7-4A1C-862D-FB6476B883A3}.Debug|iPhoneSimulator.Build.0 = Debug|iPhoneSimulator
		{50704FDF-2DC7-4A1C-862D-FB6476B883A3}.Debug|iPhoneSimulator.Deploy.0 = Debug|iPhoneSimulator
		{50704FDF-2DC7-4A1C-862D-FB6476B883A3}.Release|Any CPU.ActiveCfg = Release|iPhone
		{50704FDF-2DC7-4A1C-862D-FB6476B883A3}.Release|Any CPU.Build.0 = Release|iPhone
		{50704FDF-2DC7-4A1C-862D-FB6476B883A3}.Release|Any CPU.Deploy.0 = Release|iPhone
		{50704FDF-2DC7-4A1C-862D-FB6476B883A3}.Release|iPhone.ActiveCfg = Release|iPhone
		{50704FDF-2DC7-4A1C-862D-FB6476B883A3}.Release|iPhone.Build.0 = Release|iPhone
		{50704FDF-2DC7-4A1C-862D-FB6476B883A3}.Release|iPhone.Deploy.0 = Release|iPhone
		{50704FDF-2DC7-4A1C-862D-FB6476B883A3}.Release|iPhoneSimulator.ActiveCfg = Release|iPhoneSimulator
		{50704FDF-2DC7-4A1C-862D-FB6476B883A3}.Release|iPhoneSimulator.Build.0 = Release|iPhoneSimulator
		{50704FDF-2DC7-4A1C-862D-FB6476B883A3}.Release|iPhoneSimulator.Deploy.0 = Release|iPhoneSimulator
		{7BF19228-8BF8-449E-9351-1928947A1163}.Ad-Hoc|Any CPU.ActiveCfg = Debug|Any CPU
		{7BF19228-8BF8-449E-9351-1928947A1163}.Ad-Hoc|Any CPU.Build.0 = Debug|Any CPU
		{7BF19228-8BF8-449E-9351-1928947A1163}.Ad-Hoc|Any CPU.Deploy.0 = Debug|Any CPU
		{7BF19228-8BF8-449E-9351-1928947A1163}.Ad-Hoc|iPhone.ActiveCfg = Debug|Any CPU
		{7BF19228-8BF8-449E-9351-1928947A1163}.Ad-Hoc|iPhone.Build.0 = Debug|Any CPU
		{7BF19228-8BF8-449E-9351-1928947A1163}.Ad-Hoc|iPhone.Deploy.0 = Debug|Any CPU
		{7BF19228-8BF8-449E-9351-1928947A1163}.Ad-Hoc|iPhoneSimulator.ActiveCfg = Debug|Any CPU
		{7BF19228-8BF8-449E-9351-1928947A1163}.Ad-Hoc|iPhoneSimulator.Build.0 = Debug|Any CPU
		{7BF19228-8BF8-449E-9351-1928947A1163}.Ad-Hoc|iPhoneSimulator.Deploy.0 = Debug|Any CPU
		{7BF19228-8BF8-449E-9351-1928947A1163}.AppStore|Any CPU.ActiveCfg = Debug|Any CPU
		{7BF19228-8BF8-449E-9351-1928947A1163}.AppStore|Any CPU.Build.0 = Debug|Any CPU
		{7BF19228-8BF8-449E-9351-1928947A1163}.AppStore|Any CPU.Deploy.0 = Debug|Any CPU
		{7BF19228-8BF8-449E-9351-1928947A1163}.AppStore|iPhone.ActiveCfg = Debug|Any CPU
		{7BF19228-8BF8-449E-9351-1928947A1163}.AppStore|iPhone.Build.0 = Debug|Any CPU
		{7BF19228-8BF8-449E-9351-1928947A1163}.AppStore|iPhone.Deploy.0 = Debug|Any CPU
		{7BF19228-8BF8-449E-9351-1928947A1163}.AppStore|iPhoneSimulator.ActiveCfg = Debug|Any CPU
		{7BF19228-8BF8-449E-9351-1928947A1163}.AppStore|iPhoneSimulator.Build.0 = Debug|Any CPU
		{7BF19228-8BF8-449E-9351-1928947A1163}.AppStore|iPhoneSimulator.Deploy.0 = Debug|Any CPU
		{7BF19228-8BF8-449E-9351-1928947A1163}.Debug|Any CPU.ActiveCfg = Debug|Any CPU
		{7BF19228-8BF8-449E-9351-1928947A1163}.Debug|Any CPU.Build.0 = Debug|Any CPU
		{7BF19228-8BF8-449E-9351-1928947A1163}.Debug|Any CPU.Deploy.0 = Debug|Any CPU
		{7BF19228-8BF8-449E-9351-1928947A1163}.Debug|iPhone.ActiveCfg = Debug|Any CPU
		{7BF19228-8BF8-449E-9351-1928947A1163}.Debug|iPhone.Build.0 = Debug|Any CPU
		{7BF19228-8BF8-449E-9351-1928947A1163}.Debug|iPhone.Deploy.0 = Debug|Any CPU
		{7BF19228-8BF8-449E-9351-1928947A1163}.Debug|iPhoneSimulator.ActiveCfg = Debug|Any CPU
		{7BF19228-8BF8-449E-9351-1928947A1163}.Debug|iPhoneSimulator.Build.0 = Debug|Any CPU
		{7BF19228-8BF8-449E-9351-1928947A1163}.Debug|iPhoneSimulator.Deploy.0 = Debug|Any CPU
		{7BF19228-8BF8-449E-9351-1928947A1163}.Release|Any CPU.ActiveCfg = Release|Any CPU
		{7BF19228-8BF8-449E-9351-1928947A1163}.Release|Any CPU.Build.0 = Release|Any CPU
		{7BF19228-8BF8-449E-9351-1928947A1163}.Release|Any CPU.Deploy.0 = Release|Any CPU
		{7BF19228-8BF8-449E-9351-1928947A1163}.Release|iPhone.ActiveCfg = Release|Any CPU
		{7BF19228-8BF8-449E-9351-1928947A1163}.Release|iPhone.Build.0 = Release|Any CPU
		{7BF19228-8BF8-449E-9351-1928947A1163}.Release|iPhone.Deploy.0 = Release|Any CPU
		{7BF19228-8BF8-449E-9351-1928947A1163}.Release|iPhoneSimulator.ActiveCfg = Release|Any CPU
		{7BF19228-8BF8-449E-9351-1928947A1163}.Release|iPhoneSimulator.Build.0 = Release|Any CPU
		{7BF19228-8BF8-449E-9351-1928947A1163}.Release|iPhoneSimulator.Deploy.0 = Release|Any CPU
	EndGlobalSection
	GlobalSection(SolutionProperties) = preSolution
		HideSolutionNode = FALSE
	EndGlobalSection
	GlobalSection(ExtensibilityGlobals) = postSolution
		SolutionGuid = {79284B29-3933-4CA9-94B7-2CED16056658}
	EndGlobalSection
EndGlobal
